
Microsoft Visual Studio Solution File, Format Version 12.00
# Visual Studio Version 17
VisualStudioVersion = 17.13.35825.156
MinimumVisualStudioVersion = 10.0.40219.1
Project("{FAE04EC0-301F-11D3-BF4B-00C04F79EFBC}") = "functionApp", "functionAppReceiver\functionApp.csproj", "{62017724-D6DF-FE85-66F7-E8C9D8647059}"
EndProject
Global
	GlobalSection(SolutionConfigurationPlatforms) = preSolution
		Debug|Any CPU = Debug|Any CPU
		Release|Any CPU = Release|Any CPU
	EndGlobalSection
	GlobalSection(ProjectConfigurationPlatforms) = postSolution
		{62017724-D6DF-FE85-66F7-E8C9D8647059}.Debug|Any CPU.ActiveCfg = Debug|Any CPU
		{62017724-D6DF-FE85-66F7-E8C9D8647059}.Debug|Any CPU.Build.0 = Debug|Any CPU
		{62017724-D6DF-FE85-66F7-E8C9D8647059}.Release|Any CPU.ActiveCfg = Release|Any CPU
		{62017724-D6DF-FE85-66F7-E8C9D8647059}.Release|Any CPU.Build.0 = Release|Any CPU
	EndGlobalSection
	GlobalSection(SolutionProperties) = preSolution
		HideSolutionNode = FALSE
	EndGlobalSection
	GlobalSection(ExtensibilityGlobals) = postSolution
		SolutionGuid = {528211F9-AA33-4C8A-AC51-F20091F5FB5E}
	EndGlobalSection
EndGlobal
